
Microsoft Visual Studio Solution File, Format Version 12.00
# Visual Studio Version 16
VisualStudioVersion = 16.0.30523.141
MinimumVisualStudioVersion = 10.0.40219.1
Project("{FAE04EC0-301F-11D3-BF4B-00C04F79EFBC}") = "Paul_Andreea_Lab2", "Paul_Andreea_Lab2.csproj", "{F21C86E9-954F-4802-8B4F-C6EC0DB73DCF}"
EndProject
Global
	GlobalSection(SolutionConfigurationPlatforms) = preSolution
		Debug|Any CPU = Debug|Any CPU
		Release|Any CPU = Release|Any CPU
	EndGlobalSection
	GlobalSection(ProjectConfigurationPlatforms) = postSolution
		{F21C86E9-954F-4802-8B4F-C6EC0DB73DCF}.Debug|Any CPU.ActiveCfg = Debug|Any CPU
		{F21C86E9-954F-4802-8B4F-C6EC0DB73DCF}.Debug|Any CPU.Build.0 = Debug|Any CPU
		{F21C86E9-954F-4802-8B4F-C6EC0DB73DCF}.Release|Any CPU.ActiveCfg = Release|Any CPU
		{F21C86E9-954F-4802-8B4F-C6EC0DB73DCF}.Release|Any CPU.Build.0 = Release|Any CPU
	EndGlobalSection
	GlobalSection(SolutionProperties) = preSolution
		HideSolutionNode = FALSE
	EndGlobalSection
	GlobalSection(ExtensibilityGlobals) = postSolution
		SolutionGuid = {CF93E983-8351-46F4-B2B6-56DFCC009FBB}
	EndGlobalSection
EndGlobal
